// !$*UTF8*$!
{
	archiveVersion = 1;
	classes = {
	};
	objectVersion = 56;
	objects = {

/* Begin PBXBuildFile section */
		FE26892C2ACDAA4F00784E2C /* primaryBtn.swift in Sources */ = {isa = PBXBuildFile; fileRef = FE26892B2ACDAA4F00784E2C /* primaryBtn.swift */; };
		FE26892E2ACDC40B00784E2C /* Spacing.swift in Sources */ = {isa = PBXBuildFile; fileRef = FE26892D2ACDC40B00784E2C /* Spacing.swift */; };
		FE2689302ACDC85C00784E2C /* FontSizes.swift in Sources */ = {isa = PBXBuildFile; fileRef = FE26892F2ACDC85C00784E2C /* FontSizes.swift */; };
		FE2689322ACDC89A00784E2C /* CustumColors.swift in Sources */ = {isa = PBXBuildFile; fileRef = FE2689312ACDC89A00784E2C /* CustumColors.swift */; };
		FE2689342ACDD15600784E2C /* BouncingAnimation.swift in Sources */ = {isa = PBXBuildFile; fileRef = FE2689332ACDD15600784E2C /* BouncingAnimation.swift */; };
		FE819BCF2ACC79F400C5A9BD /* HomeScreenView.swift in Sources */ = {isa = PBXBuildFile; fileRef = FE819BCE2ACC79F400C5A9BD /* HomeScreenView.swift */; };
		FE819BD12ACC7A4300C5A9BD /* SearchScreenView.swift in Sources */ = {isa = PBXBuildFile; fileRef = FE819BD02ACC7A4300C5A9BD /* SearchScreenView.swift */; };
		FE819BD32ACC7A6F00C5A9BD /* DetailsScreenView.swift in Sources */ = {isa = PBXBuildFile; fileRef = FE819BD22ACC7A6F00C5A9BD /* DetailsScreenView.swift */; };
		FE819BD52ACC7AE000C5A9BD /* UpdateScreenView.swift in Sources */ = {isa = PBXBuildFile; fileRef = FE819BD42ACC7AE000C5A9BD /* UpdateScreenView.swift */; };
		FE819BD72ACC7B3200C5A9BD /* AuthScreenView.swift in Sources */ = {isa = PBXBuildFile; fileRef = FE819BD62ACC7B3200C5A9BD /* AuthScreenView.swift */; };
		FE819BD92ACC7C2700C5A9BD /* SettingsScreenView.swift in Sources */ = {isa = PBXBuildFile; fileRef = FE819BD82ACC7C2700C5A9BD /* SettingsScreenView.swift */; };
		FE819BDB2ACC7CBB00C5A9BD /* HomeViewmodel.swift in Sources */ = {isa = PBXBuildFile; fileRef = FE819BDA2ACC7CBB00C5A9BD /* HomeViewmodel.swift */; };
		FE819BDD2ACC7CDD00C5A9BD /* SearchViewmodel.swift in Sources */ = {isa = PBXBuildFile; fileRef = FE819BDC2ACC7CDD00C5A9BD /* SearchViewmodel.swift */; };
		FE819BDF2ACC7CF100C5A9BD /* DetailsViewmodel.swift in Sources */ = {isa = PBXBuildFile; fileRef = FE819BDE2ACC7CF100C5A9BD /* DetailsViewmodel.swift */; };
		FE819BE12ACC7D0500C5A9BD /* UpdateViewmodel.swift in Sources */ = {isa = PBXBuildFile; fileRef = FE819BE02ACC7D0500C5A9BD /* UpdateViewmodel.swift */; };
		FE819BE32ACC7D5B00C5A9BD /* AuthViewmodel.swift in Sources */ = {isa = PBXBuildFile; fileRef = FE819BE22ACC7D5B00C5A9BD /* AuthViewmodel.swift */; };
		FE819BE52ACC7D7400C5A9BD /* SettingsViewmodel.swift in Sources */ = {isa = PBXBuildFile; fileRef = FE819BE42ACC7D7400C5A9BD /* SettingsViewmodel.swift */; };
		FEBE828B2AC5DE8F0027FE8B /* bookAppApp.swift in Sources */ = {isa = PBXBuildFile; fileRef = FEBE828A2AC5DE8F0027FE8B /* bookAppApp.swift */; };
		FEBE828D2AC5DE8F0027FE8B /* ContentView.swift in Sources */ = {isa = PBXBuildFile; fileRef = FEBE828C2AC5DE8F0027FE8B /* ContentView.swift */; };
		FEBE828F2AC5DE900027FE8B /* Assets.xcassets in Resources */ = {isa = PBXBuildFile; fileRef = FEBE828E2AC5DE900027FE8B /* Assets.xcassets */; };
		FEBE82922AC5DE900027FE8B /* Preview Assets.xcassets in Resources */ = {isa = PBXBuildFile; fileRef = FEBE82912AC5DE900027FE8B /* Preview Assets.xcassets */; };
		FEBE829C2AC5DE900027FE8B /* bookAppTests.swift in Sources */ = {isa = PBXBuildFile; fileRef = FEBE829B2AC5DE900027FE8B /* bookAppTests.swift */; };
		FEBE82A62AC5DE900027FE8B /* bookAppUITests.swift in Sources */ = {isa = PBXBuildFile; fileRef = FEBE82A52AC5DE900027FE8B /* bookAppUITests.swift */; };
		FEBE82A82AC5DE900027FE8B /* bookAppUITestsLaunchTests.swift in Sources */ = {isa = PBXBuildFile; fileRef = FEBE82A72AC5DE900027FE8B /* bookAppUITestsLaunchTests.swift */; };
/* End PBXBuildFile section */

/* Begin PBXContainerItemProxy section */
		FEBE82982AC5DE900027FE8B /* PBXContainerItemProxy */ = {
			isa = PBXContainerItemProxy;
			containerPortal = FEBE827F2AC5DE8F0027FE8B /* Project object */;
			proxyType = 1;
			remoteGlobalIDString = FEBE82862AC5DE8F0027FE8B;
			remoteInfo = bookApp;
		};
		FEBE82A22AC5DE900027FE8B /* PBXContainerItemProxy */ = {
			isa = PBXContainerItemProxy;
			containerPortal = FEBE827F2AC5DE8F0027FE8B /* Project object */;
			proxyType = 1;
			remoteGlobalIDString = FEBE82862AC5DE8F0027FE8B;
			remoteInfo = bookApp;
		};
/* End PBXContainerItemProxy section */

/* Begin PBXFileReference section */
		FE26892B2ACDAA4F00784E2C /* primaryBtn.swift */ = {isa = PBXFileReference; lastKnownFileType = sourcecode.swift; path = primaryBtn.swift; sourceTree = "<group>"; };
		FE26892D2ACDC40B00784E2C /* Spacing.swift */ = {isa = PBXFileReference; lastKnownFileType = sourcecode.swift; path = Spacing.swift; sourceTree = "<group>"; };
		FE26892F2ACDC85C00784E2C /* FontSizes.swift */ = {isa = PBXFileReference; lastKnownFileType = sourcecode.swift; path = FontSizes.swift; sourceTree = "<group>"; };
		FE2689312ACDC89A00784E2C /* CustumColors.swift */ = {isa = PBXFileReference; lastKnownFileType = sourcecode.swift; path = CustumColors.swift; sourceTree = "<group>"; };
		FE2689332ACDD15600784E2C /* BouncingAnimation.swift */ = {isa = PBXFileReference; lastKnownFileType = sourcecode.swift; path = BouncingAnimation.swift; sourceTree = "<group>"; };
		FE819BCE2ACC79F400C5A9BD /* HomeScreenView.swift */ = {isa = PBXFileReference; lastKnownFileType = sourcecode.swift; path = HomeScreenView.swift; sourceTree = "<group>"; };
		FE819BD02ACC7A4300C5A9BD /* SearchScreenView.swift */ = {isa = PBXFileReference; lastKnownFileType = sourcecode.swift; path = SearchScreenView.swift; sourceTree = "<group>"; };
		FE819BD22ACC7A6F00C5A9BD /* DetailsScreenView.swift */ = {isa = PBXFileReference; lastKnownFileType = sourcecode.swift; path = DetailsScreenView.swift; sourceTree = "<group>"; };
		FE819BD42ACC7AE000C5A9BD /* UpdateScreenView.swift */ = {isa = PBXFileReference; lastKnownFileType = sourcecode.swift; path = UpdateScreenView.swift; sourceTree = "<group>"; };
		FE819BD62ACC7B3200C5A9BD /* AuthScreenView.swift */ = {isa = PBXFileReference; lastKnownFileType = sourcecode.swift; path = AuthScreenView.swift; sourceTree = "<group>"; };
		FE819BD82ACC7C2700C5A9BD /* SettingsScreenView.swift */ = {isa = PBXFileReference; lastKnownFileType = sourcecode.swift; path = SettingsScreenView.swift; sourceTree = "<group>"; };
		FE819BDA2ACC7CBB00C5A9BD /* HomeViewmodel.swift */ = {isa = PBXFileReference; lastKnownFileType = sourcecode.swift; path = HomeViewmodel.swift; sourceTree = "<group>"; };
		FE819BDC2ACC7CDD00C5A9BD /* SearchViewmodel.swift */ = {isa = PBXFileReference; lastKnownFileType = sourcecode.swift; path = SearchViewmodel.swift; sourceTree = "<group>"; };
		FE819BDE2ACC7CF100C5A9BD /* DetailsViewmodel.swift */ = {isa = PBXFileReference; lastKnownFileType = sourcecode.swift; path = DetailsViewmodel.swift; sourceTree = "<group>"; };
		FE819BE02ACC7D0500C5A9BD /* UpdateViewmodel.swift */ = {isa = PBXFileReference; lastKnownFileType = sourcecode.swift; path = UpdateViewmodel.swift; sourceTree = "<group>"; };
		FE819BE22ACC7D5B00C5A9BD /* AuthViewmodel.swift */ = {isa = PBXFileReference; lastKnownFileType = sourcecode.swift; path = AuthViewmodel.swift; sourceTree = "<group>"; };
		FE819BE42ACC7D7400C5A9BD /* SettingsViewmodel.swift */ = {isa = PBXFileReference; lastKnownFileType = sourcecode.swift; path = SettingsViewmodel.swift; sourceTree = "<group>"; };
		FEBE82872AC5DE8F0027FE8B /* bookApp.app */ = {isa = PBXFileReference; explicitFileType = wrapper.application; includeInIndex = 0; path = bookApp.app; sourceTree = BUILT_PRODUCTS_DIR; };
		FEBE828A2AC5DE8F0027FE8B /* bookAppApp.swift */ = {isa = PBXFileReference; lastKnownFileType = sourcecode.swift; path = bookAppApp.swift; sourceTree = "<group>"; };
		FEBE828C2AC5DE8F0027FE8B /* ContentView.swift */ = {isa = PBXFileReference; lastKnownFileType = sourcecode.swift; path = ContentView.swift; sourceTree = "<group>"; };
		FEBE828E2AC5DE900027FE8B /* Assets.xcassets */ = {isa = PBXFileReference; lastKnownFileType = folder.assetcatalog; path = Assets.xcassets; sourceTree = "<group>"; };
		FEBE82912AC5DE900027FE8B /* Preview Assets.xcassets */ = {isa = PBXFileReference; lastKnownFileType = folder.assetcatalog; path = "Preview Assets.xcassets"; sourceTree = "<group>"; };
		FEBE82972AC5DE900027FE8B /* bookAppTests.xctest */ = {isa = PBXFileReference; explicitFileType = wrapper.cfbundle; includeInIndex = 0; path = bookAppTests.xctest; sourceTree = BUILT_PRODUCTS_DIR; };
		FEBE829B2AC5DE900027FE8B /* bookAppTests.swift */ = {isa = PBXFileReference; lastKnownFileType = sourcecode.swift; path = bookAppTests.swift; sourceTree = "<group>"; };
		FEBE82A12AC5DE900027FE8B /* bookAppUITests.xctest */ = {isa = PBXFileReference; explicitFileType = wrapper.cfbundle; includeInIndex = 0; path = bookAppUITests.xctest; sourceTree = BUILT_PRODUCTS_DIR; };
		FEBE82A52AC5DE900027FE8B /* bookAppUITests.swift */ = {isa = PBXFileReference; lastKnownFileType = sourcecode.swift; path = bookAppUITests.swift; sourceTree = "<group>"; };
		FEBE82A72AC5DE900027FE8B /* bookAppUITestsLaunchTests.swift */ = {isa = PBXFileReference; lastKnownFileType = sourcecode.swift; path = bookAppUITestsLaunchTests.swift; sourceTree = "<group>"; };
/* End PBXFileReference section */

/* Begin PBXFrameworksBuildPhase section */
		FEBE82842AC5DE8F0027FE8B /* Frameworks */ = {
			isa = PBXFrameworksBuildPhase;
			buildActionMask = 2147483647;
			files = (
			);
			runOnlyForDeploymentPostprocessing = 0;
		};
		FEBE82942AC5DE900027FE8B /* Frameworks */ = {
			isa = PBXFrameworksBuildPhase;
			buildActionMask = 2147483647;
			files = (
			);
			runOnlyForDeploymentPostprocessing = 0;
		};
		FEBE829E2AC5DE900027FE8B /* Frameworks */ = {
			isa = PBXFrameworksBuildPhase;
			buildActionMask = 2147483647;
			files = (
			);
			runOnlyForDeploymentPostprocessing = 0;
		};
/* End PBXFrameworksBuildPhase section */

/* Begin PBXGroup section */
		FE2689292ACDA76200784E2C /* custom.views */ = {
			isa = PBXGroup;
			children = (
				FE26892B2ACDAA4F00784E2C /* primaryBtn.swift */,
			);
			path = custom.views;
			sourceTree = "<group>";
		};
		FE819BC52ACC732B00C5A9BD /* model */ = {
			isa = PBXGroup;
			children = (
				FE819BCD2ACC767700C5A9BD /* network */,
				FE819BCA2ACC74C300C5A9BD /* utils */,
			);
			path = model;
			sourceTree = "<group>";
		};
		FE819BC62ACC734300C5A9BD /* view */ = {
			isa = PBXGroup;
			children = (
				FE2689292ACDA76200784E2C /* custom.views */,
				FE819BCB2ACC750C00C5A9BD /* ui.styles */,
				FE819BC92ACC747E00C5A9BD /* screen.views */,
				FE819BC82ACC746A00C5A9BD /* custom.animations */,
			);
			path = view;
			sourceTree = "<group>";
		};
		FE819BC72ACC735200C5A9BD /* viewmodel */ = {
			isa = PBXGroup;
			children = (
				FE819BCC2ACC760B00C5A9BD /* viewmodel */,
			);
			path = viewmodel;
			sourceTree = "<group>";
		};
		FE819BC82ACC746A00C5A9BD /* custom.animations */ = {
			isa = PBXGroup;
			children = (
				FE2689332ACDD15600784E2C /* BouncingAnimation.swift */,
			);
			path = custom.animations;
			sourceTree = "<group>";
		};
		FE819BC92ACC747E00C5A9BD /* screen.views */ = {
			isa = PBXGroup;
			children = (
				FE819BCE2ACC79F400C5A9BD /* HomeScreenView.swift */,
				FE819BD02ACC7A4300C5A9BD /* SearchScreenView.swift */,
				FE819BD22ACC7A6F00C5A9BD /* DetailsScreenView.swift */,
				FE819BD42ACC7AE000C5A9BD /* UpdateScreenView.swift */,
				FE819BD62ACC7B3200C5A9BD /* AuthScreenView.swift */,
				FE819BD82ACC7C2700C5A9BD /* SettingsScreenView.swift */,
			);
			path = screen.views;
			sourceTree = "<group>";
		};
		FE819BCA2ACC74C300C5A9BD /* utils */ = {
			isa = PBXGroup;
			children = (
			);
			path = utils;
			sourceTree = "<group>";
		};
		FE819BCB2ACC750C00C5A9BD /* ui.styles */ = {
			isa = PBXGroup;
			children = (
				FE26892D2ACDC40B00784E2C /* Spacing.swift */,
				FE26892F2ACDC85C00784E2C /* FontSizes.swift */,
				FE2689312ACDC89A00784E2C /* CustumColors.swift */,
			);
			path = ui.styles;
			sourceTree = "<group>";
		};
		FE819BCC2ACC760B00C5A9BD /* viewmodel */ = {
			isa = PBXGroup;
			children = (
				FE819BDA2ACC7CBB00C5A9BD /* HomeViewmodel.swift */,
				FE819BDC2ACC7CDD00C5A9BD /* SearchViewmodel.swift */,
				FE819BDE2ACC7CF100C5A9BD /* DetailsViewmodel.swift */,
				FE819BE02ACC7D0500C5A9BD /* UpdateViewmodel.swift */,
				FE819BE22ACC7D5B00C5A9BD /* AuthViewmodel.swift */,
				FE819BE42ACC7D7400C5A9BD /* SettingsViewmodel.swift */,
			);
			path = viewmodel;
			sourceTree = "<group>";
		};
		FE819BCD2ACC767700C5A9BD /* network */ = {
			isa = PBXGroup;
			children = (
			);
			path = network;
			sourceTree = "<group>";
		};
		FEBE827E2AC5DE8F0027FE8B = {
			isa = PBXGroup;
			children = (
				FEBE82892AC5DE8F0027FE8B /* bookApp */,
				FEBE829A2AC5DE900027FE8B /* bookAppTests */,
				FEBE82A42AC5DE900027FE8B /* bookAppUITests */,
				FEBE82882AC5DE8F0027FE8B /* Products */,
			);
			sourceTree = "<group>";
		};
		FEBE82882AC5DE8F0027FE8B /* Products */ = {
			isa = PBXGroup;
			children = (
				FEBE82872AC5DE8F0027FE8B /* bookApp.app */,
				FEBE82972AC5DE900027FE8B /* bookAppTests.xctest */,
				FEBE82A12AC5DE900027FE8B /* bookAppUITests.xctest */,
			);
			name = Products;
			sourceTree = "<group>";
		};
		FEBE82892AC5DE8F0027FE8B /* bookApp */ = {
			isa = PBXGroup;
			children = (
				FE819BC62ACC734300C5A9BD /* view */,
				FE819BC52ACC732B00C5A9BD /* model */,
				FE819BC72ACC735200C5A9BD /* viewmodel */,
				FEBE828A2AC5DE8F0027FE8B /* bookAppApp.swift */,
				FEBE828C2AC5DE8F0027FE8B /* ContentView.swift */,
				FEBE828E2AC5DE900027FE8B /* Assets.xcassets */,
				FEBE82902AC5DE900027FE8B /* Preview Content */,
			);
			path = bookApp;
			sourceTree = "<group>";
		};
		FEBE82902AC5DE900027FE8B /* Preview Content */ = {
			isa = PBXGroup;
			children = (
				FEBE82912AC5DE900027FE8B /* Preview Assets.xcassets */,
			);
			path = "Preview Content";
			sourceTree = "<group>";
		};
		FEBE829A2AC5DE900027FE8B /* bookAppTests */ = {
			isa = PBXGroup;
			children = (
				FEBE829B2AC5DE900027FE8B /* bookAppTests.swift */,
			);
			path = bookAppTests;
			sourceTree = "<group>";
		};
		FEBE82A42AC5DE900027FE8B /* bookAppUITests */ = {
			isa = PBXGroup;
			children = (
				FEBE82A52AC5DE900027FE8B /* bookAppUITests.swift */,
				FEBE82A72AC5DE900027FE8B /* bookAppUITestsLaunchTests.swift */,
			);
			path = bookAppUITests;
			sourceTree = "<group>";
		};
/* End PBXGroup section */

/* Begin PBXNativeTarget section */
		FEBE82862AC5DE8F0027FE8B /* bookApp */ = {
			isa = PBXNativeTarget;
			buildConfigurationList = FEBE82AB2AC5DE900027FE8B /* Build configuration list for PBXNativeTarget "bookApp" */;
			buildPhases = (
				FEBE82832AC5DE8F0027FE8B /* Sources */,
				FEBE82842AC5DE8F0027FE8B /* Frameworks */,
				FEBE82852AC5DE8F0027FE8B /* Resources */,
			);
			buildRules = (
			);
			dependencies = (
			);
			name = bookApp;
			productName = bookApp;
			productReference = FEBE82872AC5DE8F0027FE8B /* bookApp.app */;
			productType = "com.apple.product-type.application";
		};
		FEBE82962AC5DE900027FE8B /* bookAppTests */ = {
			isa = PBXNativeTarget;
			buildConfigurationList = FEBE82AE2AC5DE900027FE8B /* Build configuration list for PBXNativeTarget "bookAppTests" */;
			buildPhases = (
				FEBE82932AC5DE900027FE8B /* Sources */,
				FEBE82942AC5DE900027FE8B /* Frameworks */,
				FEBE82952AC5DE900027FE8B /* Resources */,
			);
			buildRules = (
			);
			dependencies = (
				FEBE82992AC5DE900027FE8B /* PBXTargetDependency */,
			);
			name = bookAppTests;
			productName = bookAppTests;
			productReference = FEBE82972AC5DE900027FE8B /* bookAppTests.xctest */;
			productType = "com.apple.product-type.bundle.unit-test";
		};
		FEBE82A02AC5DE900027FE8B /* bookAppUITests */ = {
			isa = PBXNativeTarget;
			buildConfigurationList = FEBE82B12AC5DE900027FE8B /* Build configuration list for PBXNativeTarget "bookAppUITests" */;
			buildPhases = (
				FEBE829D2AC5DE900027FE8B /* Sources */,
				FEBE829E2AC5DE900027FE8B /* Frameworks */,
				FEBE829F2AC5DE900027FE8B /* Resources */,
			);
			buildRules = (
			);
			dependencies = (
				FEBE82A32AC5DE900027FE8B /* PBXTargetDependency */,
			);
			name = bookAppUITests;
			productName = bookAppUITests;
			productReference = FEBE82A12AC5DE900027FE8B /* bookAppUITests.xctest */;
			productType = "com.apple.product-type.bundle.ui-testing";
		};
/* End PBXNativeTarget section */

/* Begin PBXProject section */
		FEBE827F2AC5DE8F0027FE8B /* Project object */ = {
			isa = PBXProject;
			attributes = {
				BuildIndependentTargetsInParallel = 1;
				LastSwiftUpdateCheck = 1430;
				LastUpgradeCheck = 1430;
				TargetAttributes = {
					FEBE82862AC5DE8F0027FE8B = {
						CreatedOnToolsVersion = 14.3.1;
					};
					FEBE82962AC5DE900027FE8B = {
						CreatedOnToolsVersion = 14.3.1;
						TestTargetID = FEBE82862AC5DE8F0027FE8B;
					};
					FEBE82A02AC5DE900027FE8B = {
						CreatedOnToolsVersion = 14.3.1;
						TestTargetID = FEBE82862AC5DE8F0027FE8B;
					};
				};
			};
			buildConfigurationList = FEBE82822AC5DE8F0027FE8B /* Build configuration list for PBXProject "bookApp" */;
			compatibilityVersion = "Xcode 14.0";
			developmentRegion = en;
			hasScannedForEncodings = 0;
			knownRegions = (
				en,
				Base,
			);
			mainGroup = FEBE827E2AC5DE8F0027FE8B;
			productRefGroup = FEBE82882AC5DE8F0027FE8B /* Products */;
			projectDirPath = "";
			projectRoot = "";
			targets = (
				FEBE82862AC5DE8F0027FE8B /* bookApp */,
				FEBE82962AC5DE900027FE8B /* bookAppTests */,
				FEBE82A02AC5DE900027FE8B /* bookAppUITests */,
			);
		};
/* End PBXProject section */

/* Begin PBXResourcesBuildPhase section */
		FEBE82852AC5DE8F0027FE8B /* Resources */ = {
			isa = PBXResourcesBuildPhase;
			buildActionMask = 2147483647;
			files = (
				FEBE82922AC5DE900027FE8B /* Preview Assets.xcassets in Resources */,
				FEBE828F2AC5DE900027FE8B /* Assets.xcassets in Resources */,
			);
			runOnlyForDeploymentPostprocessing = 0;
		};
		FEBE82952AC5DE900027FE8B /* Resources */ = {
			isa = PBXResourcesBuildPhase;
			buildActionMask = 2147483647;
			files = (
			);
			runOnlyForDeploymentPostprocessing = 0;
		};
		FEBE829F2AC5DE900027FE8B /* Resources */ = {
			isa = PBXResourcesBuildPhase;
			buildActionMask = 2147483647;
			files = (
			);
			runOnlyForDeploymentPostprocessing = 0;
		};
/* End PBXResourcesBuildPhase section */

/* Begin PBXSourcesBuildPhase section */
		FEBE82832AC5DE8F0027FE8B /* Sources */ = {
			isa = PBXSourcesBuildPhase;
			buildActionMask = 2147483647;
			files = (
				FE819BDB2ACC7CBB00C5A9BD /* HomeViewmodel.swift in Sources */,
				FE26892C2ACDAA4F00784E2C /* primaryBtn.swift in Sources */,
				FE819BD72ACC7B3200C5A9BD /* AuthScreenView.swift in Sources */,
				FE819BD92ACC7C2700C5A9BD /* SettingsScreenView.swift in Sources */,
				FE2689342ACDD15600784E2C /* BouncingAnimation.swift in Sources */,
				FE819BDF2ACC7CF100C5A9BD /* DetailsViewmodel.swift in Sources */,
				FE26892E2ACDC40B00784E2C /* Spacing.swift in Sources */,
				FE819BE32ACC7D5B00C5A9BD /* AuthViewmodel.swift in Sources */,
				FEBE828D2AC5DE8F0027FE8B /* ContentView.swift in Sources */,
				FE2689322ACDC89A00784E2C /* CustumColors.swift in Sources */,
				FE819BE12ACC7D0500C5A9BD /* UpdateViewmodel.swift in Sources */,
				FEBE828B2AC5DE8F0027FE8B /* bookAppApp.swift in Sources */,
				FE819BD32ACC7A6F00C5A9BD /* DetailsScreenView.swift in Sources */,
				FE819BE52ACC7D7400C5A9BD /* SettingsViewmodel.swift in Sources */,
				FE2689302ACDC85C00784E2C /* FontSizes.swift in Sources */,
				FE819BD52ACC7AE000C5A9BD /* UpdateScreenView.swift in Sources */,
				FE819BCF2ACC79F400C5A9BD /* HomeScreenView.swift in Sources */,
				FE819BDD2ACC7CDD00C5A9BD /* SearchViewmodel.swift in Sources */,
				FE819BD12ACC7A4300C5A9BD /* SearchScreenView.swift in Sources */,
			);
			runOnlyForDeploymentPostprocessing = 0;
		};
		FEBE82932AC5DE900027FE8B /* Sources */ = {
			isa = PBXSourcesBuildPhase;
			buildActionMask = 2147483647;
			files = (
				FEBE829C2AC5DE900027FE8B /* bookAppTests.swift in Sources */,
			);
			runOnlyForDeploymentPostprocessing = 0;
		};
		FEBE829D2AC5DE900027FE8B /* Sources */ = {
			isa = PBXSourcesBuildPhase;
			buildActionMask = 2147483647;
			files = (
				FEBE82A62AC5DE900027FE8B /* bookAppUITests.swift in Sources */,
				FEBE82A82AC5DE900027FE8B /* bookAppUITestsLaunchTests.swift in Sources */,
			);
			runOnlyForDeploymentPostprocessing = 0;
		};
/* End PBXSourcesBuildPhase section */

/* Begin PBXTargetDependency section */
		FEBE82992AC5DE900027FE8B /* PBXTargetDependency */ = {
			isa = PBXTargetDependency;
			target = FEBE82862AC5DE8F0027FE8B /* bookApp */;
			targetProxy = FEBE82982AC5DE900027FE8B /* PBXContainerItemProxy */;
		};
		FEBE82A32AC5DE900027FE8B /* PBXTargetDependency */ = {
			isa = PBXTargetDependency;
			target = FEBE82862AC5DE8F0027FE8B /* bookApp */;
			targetProxy = FEBE82A22AC5DE900027FE8B /* PBXContainerItemProxy */;
		};
/* End PBXTargetDependency section */

/* Begin XCBuildConfiguration section */
		FEBE82A92AC5DE900027FE8B /* Debug */ = {
			isa = XCBuildConfiguration;
			buildSettings = {
				ALWAYS_SEARCH_USER_PATHS = NO;
				CLANG_ANALYZER_NONNULL = YES;
				CLANG_ANALYZER_NUMBER_OBJECT_CONVERSION = YES_AGGRESSIVE;
				CLANG_CXX_LANGUAGE_STANDARD = "gnu++20";
				CLANG_ENABLE_MODULES = YES;
				CLANG_ENABLE_OBJC_ARC = YES;
				CLANG_ENABLE_OBJC_WEAK = YES;
				CLANG_WARN_BLOCK_CAPTURE_AUTORELEASING = YES;
				CLANG_WARN_BOOL_CONVERSION = YES;
				CLANG_WARN_COMMA = YES;
				CLANG_WARN_CONSTANT_CONVERSION = YES;
				CLANG_WARN_DEPRECATED_OBJC_IMPLEMENTATIONS = YES;
				CLANG_WARN_DIRECT_OBJC_ISA_USAGE = YES_ERROR;
				CLANG_WARN_DOCUMENTATION_COMMENTS = YES;
				CLANG_WARN_EMPTY_BODY = YES;
				CLANG_WARN_ENUM_CONVERSION = YES;
				CLANG_WARN_INFINITE_RECURSION = YES;
				CLANG_WARN_INT_CONVERSION = YES;
				CLANG_WARN_NON_LITERAL_NULL_CONVERSION = YES;
				CLANG_WARN_OBJC_IMPLICIT_RETAIN_SELF = YES;
				CLANG_WARN_OBJC_LITERAL_CONVERSION = YES;
				CLANG_WARN_OBJC_ROOT_CLASS = YES_ERROR;
				CLANG_WARN_QUOTED_INCLUDE_IN_FRAMEWORK_HEADER = YES;
				CLANG_WARN_RANGE_LOOP_ANALYSIS = YES;
				CLANG_WARN_STRICT_PROTOTYPES = YES;
				CLANG_WARN_SUSPICIOUS_MOVE = YES;
				CLANG_WARN_UNGUARDED_AVAILABILITY = YES_AGGRESSIVE;
				CLANG_WARN_UNREACHABLE_CODE = YES;
				CLANG_WARN__DUPLICATE_METHOD_MATCH = YES;
				COPY_PHASE_STRIP = NO;
				DEBUG_INFORMATION_FORMAT = dwarf;
				ENABLE_STRICT_OBJC_MSGSEND = YES;
				ENABLE_TESTABILITY = YES;
				GCC_C_LANGUAGE_STANDARD = gnu11;
				GCC_DYNAMIC_NO_PIC = NO;
				GCC_NO_COMMON_BLOCKS = YES;
				GCC_OPTIMIZATION_LEVEL = 0;
				GCC_PREPROCESSOR_DEFINITIONS = (
					"DEBUG=1",
					"$(inherited)",
				);
				GCC_WARN_64_TO_32_BIT_CONVERSION = YES;
				GCC_WARN_ABOUT_RETURN_TYPE = YES_ERROR;
				GCC_WARN_UNDECLARED_SELECTOR = YES;
				GCC_WARN_UNINITIALIZED_AUTOS = YES_AGGRESSIVE;
				GCC_WARN_UNUSED_FUNCTION = YES;
				GCC_WARN_UNUSED_VARIABLE = YES;
				IPHONEOS_DEPLOYMENT_TARGET = 16.4;
				MTL_ENABLE_DEBUG_INFO = INCLUDE_SOURCE;
				MTL_FAST_MATH = YES;
				ONLY_ACTIVE_ARCH = YES;
				SDKROOT = iphoneos;
				SWIFT_ACTIVE_COMPILATION_CONDITIONS = DEBUG;
				SWIFT_OPTIMIZATION_LEVEL = "-Onone";
			};
			name = Debug;
		};
		FEBE82AA2AC5DE900027FE8B /* Release */ = {
			isa = XCBuildConfiguration;
			buildSettings = {
				ALWAYS_SEARCH_USER_PATHS = NO;
				CLANG_ANALYZER_NONNULL = YES;
				CLANG_ANALYZER_NUMBER_OBJECT_CONVERSION = YES_AGGRESSIVE;
				CLANG_CXX_LANGUAGE_STANDARD = "gnu++20";
				CLANG_ENABLE_MODULES = YES;
				CLANG_ENABLE_OBJC_ARC = YES;
				CLANG_ENABLE_OBJC_WEAK = YES;
				CLANG_WARN_BLOCK_CAPTURE_AUTORELEASING = YES;
				CLANG_WARN_BOOL_CONVERSION = YES;
				CLANG_WARN_COMMA = YES;
				CLANG_WARN_CONSTANT_CONVERSION = YES;
				CLANG_WARN_DEPRECATED_OBJC_IMPLEMENTATIONS = YES;
				CLANG_WARN_DIRECT_OBJC_ISA_USAGE = YES_ERROR;
				CLANG_WARN_DOCUMENTATION_COMMENTS = YES;
				CLANG_WARN_EMPTY_BODY = YES;
				CLANG_WARN_ENUM_CONVERSION = YES;
				CLANG_WARN_INFINITE_RECURSION = YES;
				CLANG_WARN_INT_CONVERSION = YES;
				CLANG_WARN_NON_LITERAL_NULL_CONVERSION = YES;
				CLANG_WARN_OBJC_IMPLICIT_RETAIN_SELF = YES;
				CLANG_WARN_OBJC_LITERAL_CONVERSION = YES;
				CLANG_WARN_OBJC_ROOT_CLASS = YES_ERROR;
				CLANG_WARN_QUOTED_INCLUDE_IN_FRAMEWORK_HEADER = YES;
				CLANG_WARN_RANGE_LOOP_ANALYSIS = YES;
				CLANG_WARN_STRICT_PROTOTYPES = YES;
				CLANG_WARN_SUSPICIOUS_MOVE = YES;
				CLANG_WARN_UNGUARDED_AVAILABILITY = YES_AGGRESSIVE;
				CLANG_WARN_UNREACHABLE_CODE = YES;
				CLANG_WARN__DUPLICATE_METHOD_MATCH = YES;
				COPY_PHASE_STRIP = NO;
				DEBUG_INFORMATION_FORMAT = "dwarf-with-dsym";
				ENABLE_NS_ASSERTIONS = NO;
				ENABLE_STRICT_OBJC_MSGSEND = YES;
				GCC_C_LANGUAGE_STANDARD = gnu11;
				GCC_NO_COMMON_BLOCKS = YES;
				GCC_WARN_64_TO_32_BIT_CONVERSION = YES;
				GCC_WARN_ABOUT_RETURN_TYPE = YES_ERROR;
				GCC_WARN_UNDECLARED_SELECTOR = YES;
				GCC_WARN_UNINITIALIZED_AUTOS = YES_AGGRESSIVE;
				GCC_WARN_UNUSED_FUNCTION = YES;
				GCC_WARN_UNUSED_VARIABLE = YES;
				IPHONEOS_DEPLOYMENT_TARGET = 16.4;
				MTL_ENABLE_DEBUG_INFO = NO;
				MTL_FAST_MATH = YES;
				SDKROOT = iphoneos;
				SWIFT_COMPILATION_MODE = wholemodule;
				SWIFT_OPTIMIZATION_LEVEL = "-O";
				VALIDATE_PRODUCT = YES;
			};
			name = Release;
		};
		FEBE82AC2AC5DE900027FE8B /* Debug */ = {
			isa = XCBuildConfiguration;
			buildSettings = {
				ASSETCATALOG_COMPILER_APPICON_NAME = AppIcon;
				ASSETCATALOG_COMPILER_GLOBAL_ACCENT_COLOR_NAME = AccentColor;
				CODE_SIGN_STYLE = Automatic;
				CURRENT_PROJECT_VERSION = 1;
				DEVELOPMENT_ASSET_PATHS = "\"bookApp/Preview Content\"";
				ENABLE_PREVIEWS = YES;
				GENERATE_INFOPLIST_FILE = YES;
				INFOPLIST_KEY_UIApplicationSceneManifest_Generation = YES;
				INFOPLIST_KEY_UIApplicationSupportsIndirectInputEvents = YES;
				INFOPLIST_KEY_UILaunchScreen_Generation = YES;
				INFOPLIST_KEY_UISupportedInterfaceOrientations_iPad = "UIInterfaceOrientationPortrait UIInterfaceOrientationPortraitUpsideDown UIInterfaceOrientationLandscapeLeft UIInterfaceOrientationLandscapeRight";
				INFOPLIST_KEY_UISupportedInterfaceOrientations_iPhone = "UIInterfaceOrientationPortrait UIInterfaceOrientationLandscapeLeft UIInterfaceOrientationLandscapeRight";
				LD_RUNPATH_SEARCH_PATHS = (
					"$(inherited)",
					"@executable_path/Frameworks",
				);
				MARKETING_VERSION = 1.0;
				PRODUCT_BUNDLE_IDENTIFIER = com.rhiz0m.bookApp;
				PRODUCT_NAME = "$(TARGET_NAME)";
				SWIFT_EMIT_LOC_STRINGS = YES;
				SWIFT_VERSION = 5.0;
				TARGETED_DEVICE_FAMILY = "1,2";
			};
			name = Debug;
		};
		FEBE82AD2AC5DE900027FE8B /* Release */ = {
			isa = XCBuildConfiguration;
			buildSettings = {
				ASSETCATALOG_COMPILER_APPICON_NAME = AppIcon;
				ASSETCATALOG_COMPILER_GLOBAL_ACCENT_COLOR_NAME = AccentColor;
				CODE_SIGN_STYLE = Automatic;
				CURRENT_PROJECT_VERSION = 1;
				DEVELOPMENT_ASSET_PATHS = "\"bookApp/Preview Content\"";
				ENABLE_PREVIEWS = YES;
				GENERATE_INFOPLIST_FILE = YES;
				INFOPLIST_KEY_UIApplicationSceneManifest_Generation = YES;
				INFOPLIST_KEY_UIApplicationSupportsIndirectInputEvents = YES;
				INFOPLIST_KEY_UILaunchScreen_Generation = YES;
				INFOPLIST_KEY_UISupportedInterfaceOrientations_iPad = "UIInterfaceOrientationPortrait UIInterfaceOrientationPortraitUpsideDown UIInterfaceOrientationLandscapeLeft UIInterfaceOrientationLandscapeRight";
				INFOPLIST_KEY_UISupportedInterfaceOrientations_iPhone = "UIInterfaceOrientationPortrait UIInterfaceOrientationLandscapeLeft UIInterfaceOrientationLandscapeRight";
				LD_RUNPATH_SEARCH_PATHS = (
					"$(inherited)",
					"@executable_path/Frameworks",
				);
				MARKETING_VERSION = 1.0;
				PRODUCT_BUNDLE_IDENTIFIER = com.rhiz0m.bookApp;
				PRODUCT_NAME = "$(TARGET_NAME)";
				SWIFT_EMIT_LOC_STRINGS = YES;
				SWIFT_VERSION = 5.0;
				TARGETED_DEVICE_FAMILY = "1,2";
			};
			name = Release;
		};
		FEBE82AF2AC5DE900027FE8B /* Debug */ = {
			isa = XCBuildConfiguration;
			buildSettings = {
				ALWAYS_EMBED_SWIFT_STANDARD_LIBRARIES = YES;
				BUNDLE_LOADER = "$(TEST_HOST)";
				CODE_SIGN_STYLE = Automatic;
				CURRENT_PROJECT_VERSION = 1;
				GENERATE_INFOPLIST_FILE = YES;
				IPHONEOS_DEPLOYMENT_TARGET = 16.4;
				MARKETING_VERSION = 1.0;
				PRODUCT_BUNDLE_IDENTIFIER = com.rhiz0m.bookAppTests;
				PRODUCT_NAME = "$(TARGET_NAME)";
				SWIFT_EMIT_LOC_STRINGS = NO;
				SWIFT_VERSION = 5.0;
				TARGETED_DEVICE_FAMILY = "1,2";
				TEST_HOST = "$(BUILT_PRODUCTS_DIR)/bookApp.app/$(BUNDLE_EXECUTABLE_FOLDER_PATH)/bookApp";
			};
			name = Debug;
		};
		FEBE82B02AC5DE900027FE8B /* Release */ = {
			isa = XCBuildConfiguration;
			buildSettings = {
				ALWAYS_EMBED_SWIFT_STANDARD_LIBRARIES = YES;
				BUNDLE_LOADER = "$(TEST_HOST)";
				CODE_SIGN_STYLE = Automatic;
				CURRENT_PROJECT_VERSION = 1;
				GENERATE_INFOPLIST_FILE = YES;
				IPHONEOS_DEPLOYMENT_TARGET = 16.4;
				MARKETING_VERSION = 1.0;
				PRODUCT_BUNDLE_IDENTIFIER = com.rhiz0m.bookAppTests;
				PRODUCT_NAME = "$(TARGET_NAME)";
				SWIFT_EMIT_LOC_STRINGS = NO;
				SWIFT_VERSION = 5.0;
				TARGETED_DEVICE_FAMILY = "1,2";
				TEST_HOST = "$(BUILT_PRODUCTS_DIR)/bookApp.app/$(BUNDLE_EXECUTABLE_FOLDER_PATH)/bookApp";
			};
			name = Release;
		};
		FEBE82B22AC5DE900027FE8B /* Debug */ = {
			isa = XCBuildConfiguration;
			buildSettings = {
				ALWAYS_EMBED_SWIFT_STANDARD_LIBRARIES = YES;
				CODE_SIGN_STYLE = Automatic;
				CURRENT_PROJECT_VERSION = 1;
				GENERATE_INFOPLIST_FILE = YES;
				MARKETING_VERSION = 1.0;
				PRODUCT_BUNDLE_IDENTIFIER = com.rhiz0m.bookAppUITests;
				PRODUCT_NAME = "$(TARGET_NAME)";
				SWIFT_EMIT_LOC_STRINGS = NO;
				SWIFT_VERSION = 5.0;
				TARGETED_DEVICE_FAMILY = "1,2";
				TEST_TARGET_NAME = bookApp;
			};
			name = Debug;
		};
		FEBE82B32AC5DE900027FE8B /* Release */ = {
			isa = XCBuildConfiguration;
			buildSettings = {
				ALWAYS_EMBED_SWIFT_STANDARD_LIBRARIES = YES;
				CODE_SIGN_STYLE = Automatic;
				CURRENT_PROJECT_VERSION = 1;
				GENERATE_INFOPLIST_FILE = YES;
				MARKETING_VERSION = 1.0;
				PRODUCT_BUNDLE_IDENTIFIER = com.rhiz0m.bookAppUITests;
				PRODUCT_NAME = "$(TARGET_NAME)";
				SWIFT_EMIT_LOC_STRINGS = NO;
				SWIFT_VERSION = 5.0;
				TARGETED_DEVICE_FAMILY = "1,2";
				TEST_TARGET_NAME = bookApp;
			};
			name = Release;
		};
/* End XCBuildConfiguration section */

/* Begin XCConfigurationList section */
		FEBE82822AC5DE8F0027FE8B /* Build configuration list for PBXProject "bookApp" */ = {
			isa = XCConfigurationList;
			buildConfigurations = (
				FEBE82A92AC5DE900027FE8B /* Debug */,
				FEBE82AA2AC5DE900027FE8B /* Release */,
			);
			defaultConfigurationIsVisible = 0;
			defaultConfigurationName = Release;
		};
		FEBE82AB2AC5DE900027FE8B /* Build configuration list for PBXNativeTarget "bookApp" */ = {
			isa = XCConfigurationList;
			buildConfigurations = (
				FEBE82AC2AC5DE900027FE8B /* Debug */,
				FEBE82AD2AC5DE900027FE8B /* Release */,
			);
			defaultConfigurationIsVisible = 0;
			defaultConfigurationName = Release;
		};
		FEBE82AE2AC5DE900027FE8B /* Build configuration list for PBXNativeTarget "bookAppTests" */ = {
			isa = XCConfigurationList;
			buildConfigurations = (
				FEBE82AF2AC5DE900027FE8B /* Debug */,
				FEBE82B02AC5DE900027FE8B /* Release */,
			);
			defaultConfigurationIsVisible = 0;
			defaultConfigurationName = Release;
		};
		FEBE82B12AC5DE900027FE8B /* Build configuration list for PBXNativeTarget "bookAppUITests" */ = {
			isa = XCConfigurationList;
			buildConfigurations = (
				FEBE82B22AC5DE900027FE8B /* Debug */,
				FEBE82B32AC5DE900027FE8B /* Release */,
			);
			defaultConfigurationIsVisible = 0;
			defaultConfigurationName = Release;
		};
/* End XCConfigurationList section */
	};
	rootObject = FEBE827F2AC5DE8F0027FE8B /* Project object */;
}
